
Microsoft Visual Studio Solution File, Format Version 12.00
# Visual Studio Version 16
VisualStudioVersion = 16.0.31613.86
MinimumVisualStudioVersion = 10.0.40219.1
Project("{E24C65DC-7377-472B-9ABA-BC803B73C61A}") = "webapp2", ".", "{74BFCAB1-B796-4E12-9DEB-310D5DA56EEE}"
	ProjectSection(WebsiteProperties) = preProject
		TargetFrameworkMoniker = ".NETFramework,Version%3Dv4.7.2"
		Debug.AspNetCompiler.VirtualPath = "/localhost_60232"
		Debug.AspNetCompiler.PhysicalPath = "D:\20218407_cse2icx_assignment3\webapp2\"
		Debug.AspNetCompiler.TargetPath = "PrecompiledWeb\localhost_60232\"
		Debug.AspNetCompiler.Updateable = "true"
		Debug.AspNetCompiler.ForceOverwrite = "true"
		Debug.AspNetCompiler.FixedNames = "false"
		Debug.AspNetCompiler.Debug = "True"
		Release.AspNetCompiler.VirtualPath = "/localhost_60232"
		Release.AspNetCompiler.PhysicalPath = "D:\20218407_cse2icx_assignment3\webapp2\"
		Release.AspNetCompiler.TargetPath = "PrecompiledWeb\localhost_60232\"
		Release.AspNetCompiler.Updateable = "true"
		Release.AspNetCompiler.ForceOverwrite = "true"
		Release.AspNetCompiler.FixedNames = "false"
		Release.AspNetCompiler.Debug = "False"
		VWDPort = "60232"
	EndProjectSection
EndProject
Global
	GlobalSection(SolutionConfigurationPlatforms) = preSolution
		Debug|Any CPU = Debug|Any CPU
	EndGlobalSection
	GlobalSection(ProjectConfigurationPlatforms) = postSolution
		{74BFCAB1-B796-4E12-9DEB-310D5DA56EEE}.Debug|Any CPU.ActiveCfg = Debug|Any CPU
		{74BFCAB1-B796-4E12-9DEB-310D5DA56EEE}.Debug|Any CPU.Build.0 = Debug|Any CPU
	EndGlobalSection
	GlobalSection(SolutionProperties) = preSolution
		HideSolutionNode = FALSE
	EndGlobalSection
	GlobalSection(ExtensibilityGlobals) = postSolution
		SolutionGuid = {EB221679-2D70-43A9-A038-BDF505A8F578}
	EndGlobalSection
EndGlobal
